
Microsoft Visual Studio Solution File, Format Version 12.00
# Visual Studio Version 16
VisualStudioVersion = 16.0.34031.81
MinimumVisualStudioVersion = 10.0.40219.1
Project("{FAE04EC0-301F-11D3-BF4B-00C04F79EFBC}") = "Lab Assignment 3 - Coffee Shop", "Lab Assignment 3 - Coffee Shop\Lab Assignment 3 - Coffee Shop.csproj", "{3FDB2192-B2D8-48AC-B205-1528313F603A}"
EndProject
Global
	GlobalSection(SolutionConfigurationPlatforms) = preSolution
		Debug|Any CPU = Debug|Any CPU
		Release|Any CPU = Release|Any CPU
	EndGlobalSection
	GlobalSection(ProjectConfigurationPlatforms) = postSolution
		{3FDB2192-B2D8-48AC-B205-1528313F603A}.Debug|Any CPU.ActiveCfg = Debug|Any CPU
		{3FDB2192-B2D8-48AC-B205-1528313F603A}.Debug|Any CPU.Build.0 = Debug|Any CPU
		{3FDB2192-B2D8-48AC-B205-1528313F603A}.Release|Any CPU.ActiveCfg = Release|Any CPU
		{3FDB2192-B2D8-48AC-B205-1528313F603A}.Release|Any CPU.Build.0 = Release|Any CPU
	EndGlobalSection
	GlobalSection(SolutionProperties) = preSolution
		HideSolutionNode = FALSE
	EndGlobalSection
	GlobalSection(ExtensibilityGlobals) = postSolution
		SolutionGuid = {3DFC4C32-B98D-41A1-89A7-97ED8863AC03}
	EndGlobalSection
EndGlobal
